<?xml version="1.0" encoding="utf-8"?>
<Project ToolsVersion="4.0" xmlns="http://schemas.microsoft.com/developer/msbuild/2003">
  <ItemGroup>
    <Filter Include="Source Files">
      <UniqueIdentifier>{4FC737F1-C7A5-4376-A066-2A32D752A2FF}</UniqueIdentifier>
      <Extensions>cpp;c;cc;cxx;def;odl;idl;hpj;bat;asm;asmx</Extensions>
    </Filter>
    <Filter Include="Header Files">
      <UniqueIdentifier>{93995380-89BD-4b04-88EB-625FBE52EBFB}</UniqueIdentifier>
      <Extensions>h;hh;hpp;hxx;hm;inl;inc;xsd</Extensions>
    </Filter>
    <Filter Include="Resource Files">
      <UniqueIdentifier>{D9D6E242-F8AF-46E4-B9FD-80ECBC20BA3E}</UniqueIdentifier>
      <Extensions>qrc;*</Extensions>
      <ParseFiles>false</ParseFiles>
    </Filter>
    <Filter Include="Form Files">
      <UniqueIdentifier>{99349809-55BA-4b9d-BF79-8FDBB0286EB3}</UniqueIdentifier>
      <Extensions>ui</Extensions>
    </Filter>
    <Filter Include="Resource Files">
      <UniqueIdentifier>{D9D6E242-F8AF-46E4-B9FD-80ECBC20BA3E}</UniqueIdentifier>
      <Extensions>qrc;*</Extensions>
      <ParseFiles>false</ParseFiles>
    </Filter>
    <Filter Include="Generated Files">
      <UniqueIdentifier>{71ED8ED8-ACB9-4CE9-BBE1-E00B30144E11}</UniqueIdentifier>
      <Extensions>moc;h;cpp</Extensions>
      <SourceControlFiles>False</SourceControlFiles>
    </Filter>
    <Filter Include="Header Files\videothread">
      <UniqueIdentifier>{d8a9c80f-a057-42ff-beda-31cbb7c81e0c}</UniqueIdentifier>
    </Filter>
    <Filter Include="Source Files\videothread">
      <UniqueIdentifier>{38c385da-182b-4d01-947d-b9a1b9a95e3b}</UniqueIdentifier>
    </Filter>
    <Filter Include="Form Files\videothread">
      <UniqueIdentifier>{1e609c45-4b19-452a-99d9-f13797869d00}</UniqueIdentifier>
    </Filter>
  </ItemGroup>
  <ItemGroup>
    <QtRcc Include="camutil.qrc">
      <Filter>Resource Files</Filter>
    </QtRcc>
  </ItemGroup>
  <ItemGroup>
    <ClCompile Include="source\main.cpp">
      <Filter>Source Files</Filter>
    </ClCompile>
    <ClCompile Include="source\sourcedialog.cpp">
      <Filter>Source Files</Filter>
    </ClCompile>
    <ClCompile Include="source\camutilwindow.cpp">
      <Filter>Source Files</Filter>
    </ClCompile>
    <ClCompile Include="source\videoinput.cpp">
      <Filter>Source Files</Filter>
    </ClCompile>
    <ClCompile Include="source\imageviewgl.cpp">
      <Filter>Source Files</Filter>
    </ClCompile>
    <ClCompile Include="source\videothread.cpp">
      <Filter>Source Files</Filter>
    </ClCompile>
    <ClCompile Include="source\videothread\preview.cpp">
      <Filter>Source Files\videothread</Filter>
    </ClCompile>
    <ClCompile Include="source\videothread\calibration.cpp">
      <Filter>Source Files\videothread</Filter>
    </ClCompile>
  </ItemGroup>
  <ItemGroup>
    <QtMoc Include="source\sourcedialog.h">
      <Filter>Header Files</Filter>
    </QtMoc>
    <QtMoc Include="source\camutilwindow.h">
      <Filter>Header Files</Filter>
    </QtMoc>
    <QtMoc Include="source\videoinput.h">
      <Filter>Header Files</Filter>
    </QtMoc>
    <QtMoc Include="source\imageviewgl.h">
      <Filter>Header Files</Filter>
    </QtMoc>
    <QtMoc Include="source\videothread.h">
      <Filter>Header Files</Filter>
    </QtMoc>
    <QtMoc Include="source\videothread\preview.h">
      <Filter>Header Files\videothread</Filter>
    </QtMoc>
    <QtMoc Include="source\tabpage.h">
      <Filter>Header Files</Filter>
    </QtMoc>
    <QtMoc Include="source\videothread\calibration.h">
      <Filter>Header Files\videothread</Filter>
    </QtMoc>
  </ItemGroup>
  <ItemGroup>
    <QtUic Include="source\sourcedialog.ui">
      <Filter>Form Files</Filter>
    </QtUic>
    <QtUic Include="source\camutilwindow.ui">
      <Filter>Form Files</Filter>
    </QtUic>
    <QtUic Include="source\videothread\calibration.ui">
      <Filter>Form Files\videothread</Filter>
    </QtUic>
  </ItemGroup>
  <ItemGroup>
    <ClInclude Include="source\qtmat.h">
      <Filter>Header Files</Filter>
    </ClInclude>
  </ItemGroup>
</Project>